// !$*UTF8*$!
{
	archiveVersion = 1;
	classes = {
	};
	objectVersion = 46;
	objects = {

/* Begin PBXBuildFile section */
		53F9061F1C95E0390095E1B9 /* AppDelegate.swift in Sources */ = {isa = PBXBuildFile; fileRef = 53F9061E1C95E0390095E1B9 /* AppDelegate.swift */; };
		53F906211C95E0390095E1B9 /* HeroTableViewController.swift in Sources */ = {isa = PBXBuildFile; fileRef = 53F906201C95E0390095E1B9 /* HeroTableViewController.swift */; };
		53F906241C95E0390095E1B9 /* Main.storyboard in Resources */ = {isa = PBXBuildFile; fileRef = 53F906221C95E0390095E1B9 /* Main.storyboard */; };
		53F906261C95E0390095E1B9 /* Assets.xcassets in Resources */ = {isa = PBXBuildFile; fileRef = 53F906251C95E0390095E1B9 /* Assets.xcassets */; };
		53F906291C95E0390095E1B9 /* LaunchScreen.storyboard in Resources */ = {isa = PBXBuildFile; fileRef = 53F906271C95E0390095E1B9 /* LaunchScreen.storyboard */; };
		53F906341C95E0390095E1B9 /* RxMarvelTests.swift in Sources */ = {isa = PBXBuildFile; fileRef = 53F906331C95E0390095E1B9 /* RxMarvelTests.swift */; };
		53F9063F1C95E0390095E1B9 /* RxMarvelUITests.swift in Sources */ = {isa = PBXBuildFile; fileRef = 53F9063E1C95E0390095E1B9 /* RxMarvelUITests.swift */; };
		53F906521C95E68B0095E1B9 /* ThumbnailType.swift in Sources */ = {isa = PBXBuildFile; fileRef = 53F906511C95E68B0095E1B9 /* ThumbnailType.swift */; };
		53F906541C95EBB70095E1B9 /* Thumbnail.swift in Sources */ = {isa = PBXBuildFile; fileRef = 53F906531C95EBB70095E1B9 /* Thumbnail.swift */; };
		53F906561C95EDD30095E1B9 /* Hero.swift in Sources */ = {isa = PBXBuildFile; fileRef = 53F906551C95EDD30095E1B9 /* Hero.swift */; };
		53F906581C95EE4F0095E1B9 /* HeroTableViewModel.swift in Sources */ = {isa = PBXBuildFile; fileRef = 53F906571C95EE4F0095E1B9 /* HeroTableViewModel.swift */; };
		53F9065B1C95F42A0095E1B9 /* JsonGET.swift in Sources */ = {isa = PBXBuildFile; fileRef = 53F9065A1C95F42A0095E1B9 /* JsonGET.swift */; };
		53F9065D1C95F5A10095E1B9 /* EndPoint.swift in Sources */ = {isa = PBXBuildFile; fileRef = 53F9065C1C95F5A10095E1B9 /* EndPoint.swift */; };
		53F9065F1C95F88B0095E1B9 /* Marvel.swift in Sources */ = {isa = PBXBuildFile; fileRef = 53F9065E1C95F88B0095E1B9 /* Marvel.swift */; };
		53F906621C95FD760095E1B9 /* String.swift in Sources */ = {isa = PBXBuildFile; fileRef = 53F906611C95FD760095E1B9 /* String.swift */; };
		53F906661C9602780095E1B9 /* ParamKeys.swift in Sources */ = {isa = PBXBuildFile; fileRef = 53F906651C9602780095E1B9 /* ParamKeys.swift */; };
		53F906681C9607EB0095E1B9 /* Operators.swift in Sources */ = {isa = PBXBuildFile; fileRef = 53F906671C9607EB0095E1B9 /* Operators.swift */; };
		53F9066C1C9611710095E1B9 /* UITableView.swift in Sources */ = {isa = PBXBuildFile; fileRef = 53F9066B1C9611710095E1B9 /* UITableView.swift */; };
		53F9066E1C961CC10095E1B9 /* Batch.swift in Sources */ = {isa = PBXBuildFile; fileRef = 53F9066D1C961CC10095E1B9 /* Batch.swift */; };
		53F906701C96218E0095E1B9 /* HeroAPI.swift in Sources */ = {isa = PBXBuildFile; fileRef = 53F9066F1C96218E0095E1B9 /* HeroAPI.swift */; };
		53F906721C9624580095E1B9 /* JSON.swift in Sources */ = {isa = PBXBuildFile; fileRef = 53F906711C9624580095E1B9 /* JSON.swift */; };
		C7E3D02E229E068D326C4D59 /* Pods_RxMarvel.framework in Frameworks */ = {isa = PBXBuildFile; fileRef = 5ECB84F6490443DB4323F711 /* Pods_RxMarvel.framework */; };
/* End PBXBuildFile section */

/* Begin PBXContainerItemProxy section */
		53F906301C95E0390095E1B9 /* PBXContainerItemProxy */ = {
			isa = PBXContainerItemProxy;
			containerPortal = 53F906131C95E0390095E1B9 /* Project object */;
			proxyType = 1;
			remoteGlobalIDString = 53F9061A1C95E0390095E1B9;
			remoteInfo = RxMarvel;
		};
		53F9063B1C95E0390095E1B9 /* PBXContainerItemProxy */ = {
			isa = PBXContainerItemProxy;
			containerPortal = 53F906131C95E0390095E1B9 /* Project object */;
			proxyType = 1;
			remoteGlobalIDString = 53F9061A1C95E0390095E1B9;
			remoteInfo = RxMarvel;
		};
/* End PBXContainerItemProxy section */

/* Begin PBXFileReference section */
		2FC63958FAB1D6BFB95058A3 /* Pods-RxMarvel.debug.xcconfig */ = {isa = PBXFileReference; includeInIndex = 1; lastKnownFileType = text.xcconfig; name = "Pods-RxMarvel.debug.xcconfig"; path = "Pods/Target Support Files/Pods-RxMarvel/Pods-RxMarvel.debug.xcconfig"; sourceTree = "<group>"; };
		53F9061B1C95E0390095E1B9 /* RxMarvel.app */ = {isa = PBXFileReference; explicitFileType = wrapper.application; includeInIndex = 0; path = RxMarvel.app; sourceTree = BUILT_PRODUCTS_DIR; };
		53F9061E1C95E0390095E1B9 /* AppDelegate.swift */ = {isa = PBXFileReference; lastKnownFileType = sourcecode.swift; path = AppDelegate.swift; sourceTree = "<group>"; };
		53F906201C95E0390095E1B9 /* HeroTableViewController.swift */ = {isa = PBXFileReference; lastKnownFileType = sourcecode.swift; path = HeroTableViewController.swift; sourceTree = "<group>"; };
		53F906231C95E0390095E1B9 /* Base */ = {isa = PBXFileReference; lastKnownFileType = file.storyboard; name = Base; path = Base.lproj/Main.storyboard; sourceTree = "<group>"; };
		53F906251C95E0390095E1B9 /* Assets.xcassets */ = {isa = PBXFileReference; lastKnownFileType = folder.assetcatalog; path = Assets.xcassets; sourceTree = "<group>"; };
		53F906281C95E0390095E1B9 /* Base */ = {isa = PBXFileReference; lastKnownFileType = file.storyboard; name = Base; path = Base.lproj/LaunchScreen.storyboard; sourceTree = "<group>"; };
		53F9062A1C95E0390095E1B9 /* Info.plist */ = {isa = PBXFileReference; lastKnownFileType = text.plist.xml; path = Info.plist; sourceTree = "<group>"; };
		53F9062F1C95E0390095E1B9 /* RxMarvelTests.xctest */ = {isa = PBXFileReference; explicitFileType = wrapper.cfbundle; includeInIndex = 0; path = RxMarvelTests.xctest; sourceTree = BUILT_PRODUCTS_DIR; };
		53F906331C95E0390095E1B9 /* RxMarvelTests.swift */ = {isa = PBXFileReference; lastKnownFileType = sourcecode.swift; path = RxMarvelTests.swift; sourceTree = "<group>"; };
		53F906351C95E0390095E1B9 /* Info.plist */ = {isa = PBXFileReference; lastKnownFileType = text.plist.xml; path = Info.plist; sourceTree = "<group>"; };
		53F9063A1C95E0390095E1B9 /* RxMarvelUITests.xctest */ = {isa = PBXFileReference; explicitFileType = wrapper.cfbundle; includeInIndex = 0; path = RxMarvelUITests.xctest; sourceTree = BUILT_PRODUCTS_DIR; };
		53F9063E1C95E0390095E1B9 /* RxMarvelUITests.swift */ = {isa = PBXFileReference; lastKnownFileType = sourcecode.swift; path = RxMarvelUITests.swift; sourceTree = "<group>"; };
		53F906401C95E0390095E1B9 /* Info.plist */ = {isa = PBXFileReference; lastKnownFileType = text.plist.xml; path = Info.plist; sourceTree = "<group>"; };
		53F906511C95E68B0095E1B9 /* ThumbnailType.swift */ = {isa = PBXFileReference; fileEncoding = 4; lastKnownFileType = sourcecode.swift; path = ThumbnailType.swift; sourceTree = "<group>"; };
		53F906531C95EBB70095E1B9 /* Thumbnail.swift */ = {isa = PBXFileReference; fileEncoding = 4; lastKnownFileType = sourcecode.swift; path = Thumbnail.swift; sourceTree = "<group>"; };
		53F906551C95EDD30095E1B9 /* Hero.swift */ = {isa = PBXFileReference; fileEncoding = 4; lastKnownFileType = sourcecode.swift; path = Hero.swift; sourceTree = "<group>"; };
		53F906571C95EE4F0095E1B9 /* HeroTableViewModel.swift */ = {isa = PBXFileReference; fileEncoding = 4; lastKnownFileType = sourcecode.swift; path = HeroTableViewModel.swift; sourceTree = "<group>"; };
		53F9065A1C95F42A0095E1B9 /* JsonGET.swift */ = {isa = PBXFileReference; fileEncoding = 4; lastKnownFileType = sourcecode.swift; path = JsonGET.swift; sourceTree = "<group>"; };
		53F9065C1C95F5A10095E1B9 /* EndPoint.swift */ = {isa = PBXFileReference; fileEncoding = 4; lastKnownFileType = sourcecode.swift; path = EndPoint.swift; sourceTree = "<group>"; };
		53F9065E1C95F88B0095E1B9 /* Marvel.swift */ = {isa = PBXFileReference; fileEncoding = 4; lastKnownFileType = sourcecode.swift; path = Marvel.swift; sourceTree = "<group>"; };
		53F906611C95FD760095E1B9 /* String.swift */ = {isa = PBXFileReference; fileEncoding = 4; lastKnownFileType = sourcecode.swift; path = String.swift; sourceTree = "<group>"; };
		53F906641C95FF800095E1B9 /* RxMarvel-Bridging-Header.h */ = {isa = PBXFileReference; lastKnownFileType = sourcecode.c.h; path = "RxMarvel-Bridging-Header.h"; sourceTree = "<group>"; };
		53F906651C9602780095E1B9 /* ParamKeys.swift */ = {isa = PBXFileReference; fileEncoding = 4; lastKnownFileType = sourcecode.swift; path = ParamKeys.swift; sourceTree = "<group>"; };
		53F906671C9607EB0095E1B9 /* Operators.swift */ = {isa = PBXFileReference; fileEncoding = 4; lastKnownFileType = sourcecode.swift; path = Operators.swift; sourceTree = "<group>"; };
		53F9066B1C9611710095E1B9 /* UITableView.swift */ = {isa = PBXFileReference; fileEncoding = 4; lastKnownFileType = sourcecode.swift; path = UITableView.swift; sourceTree = "<group>"; };
		53F9066D1C961CC10095E1B9 /* Batch.swift */ = {isa = PBXFileReference; fileEncoding = 4; lastKnownFileType = sourcecode.swift; path = Batch.swift; sourceTree = "<group>"; };
		53F9066F1C96218E0095E1B9 /* HeroAPI.swift */ = {isa = PBXFileReference; fileEncoding = 4; lastKnownFileType = sourcecode.swift; path = HeroAPI.swift; sourceTree = "<group>"; };
		53F906711C9624580095E1B9 /* JSON.swift */ = {isa = PBXFileReference; fileEncoding = 4; lastKnownFileType = sourcecode.swift; path = JSON.swift; sourceTree = "<group>"; };
		5ECB84F6490443DB4323F711 /* Pods_RxMarvel.framework */ = {isa = PBXFileReference; explicitFileType = wrapper.framework; includeInIndex = 0; path = Pods_RxMarvel.framework; sourceTree = BUILT_PRODUCTS_DIR; };
		DE90845F233911C9F6CB81F9 /* Pods-RxMarvel.release.xcconfig */ = {isa = PBXFileReference; includeInIndex = 1; lastKnownFileType = text.xcconfig; name = "Pods-RxMarvel.release.xcconfig"; path = "Pods/Target Support Files/Pods-RxMarvel/Pods-RxMarvel.release.xcconfig"; sourceTree = "<group>"; };
/* End PBXFileReference section */

/* Begin PBXFrameworksBuildPhase section */
		53F906181C95E0390095E1B9 /* Frameworks */ = {
			isa = PBXFrameworksBuildPhase;
			buildActionMask = 2147483647;
			files = (
				C7E3D02E229E068D326C4D59 /* Pods_RxMarvel.framework in Frameworks */,
			);
			runOnlyForDeploymentPostprocessing = 0;
		};
		53F9062C1C95E0390095E1B9 /* Frameworks */ = {
			isa = PBXFrameworksBuildPhase;
			buildActionMask = 2147483647;
			files = (
			);
			runOnlyForDeploymentPostprocessing = 0;
		};
		53F906371C95E0390095E1B9 /* Frameworks */ = {
			isa = PBXFrameworksBuildPhase;
			buildActionMask = 2147483647;
			files = (
			);
			runOnlyForDeploymentPostprocessing = 0;
		};
/* End PBXFrameworksBuildPhase section */

/* Begin PBXGroup section */
		0B424A99F6780A0162B72CDB /* Pods */ = {
			isa = PBXGroup;
			children = (
				2FC63958FAB1D6BFB95058A3 /* Pods-RxMarvel.debug.xcconfig */,
				DE90845F233911C9F6CB81F9 /* Pods-RxMarvel.release.xcconfig */,
			);
			name = Pods;
			sourceTree = "<group>";
		};
		29094A070FA7B696453E1FAD /* Frameworks */ = {
			isa = PBXGroup;
			children = (
				5ECB84F6490443DB4323F711 /* Pods_RxMarvel.framework */,
			);
			name = Frameworks;
			sourceTree = "<group>";
		};
		53F906121C95E0390095E1B9 = {
			isa = PBXGroup;
			children = (
				53F9061C1C95E0390095E1B9 /* Products */,
				53F9061D1C95E0390095E1B9 /* RxMarvel */,
				53F906321C95E0390095E1B9 /* RxMarvelTests */,
				53F9063D1C95E0390095E1B9 /* RxMarvelUITests */,
				0B424A99F6780A0162B72CDB /* Pods */,
				29094A070FA7B696453E1FAD /* Frameworks */,
			);
			sourceTree = "<group>";
		};
		53F9061C1C95E0390095E1B9 /* Products */ = {
			isa = PBXGroup;
			children = (
				53F9061B1C95E0390095E1B9 /* RxMarvel.app */,
				53F9062F1C95E0390095E1B9 /* RxMarvelTests.xctest */,
				53F9063A1C95E0390095E1B9 /* RxMarvelUITests.xctest */,
			);
			name = Products;
			sourceTree = "<group>";
		};
		53F9061D1C95E0390095E1B9 /* RxMarvel */ = {
			isa = PBXGroup;
			children = (
				53F906251C95E0390095E1B9 /* Assets.xcassets */,
				53F906631C95FF030095E1B9 /* BridgingHeaders */,
				53F9064C1C95E07A0095E1B9 /* Common */,
				53F906601C95FD520095E1B9 /* Extensions */,
				53F9062A1C95E0390095E1B9 /* Info.plist */,
				53F9064F1C95E64E0095E1B9 /* Models */,
				53F906591C95F40D0095E1B9 /* Network */,
				53F9064E1C95E0850095E1B9 /* Storyboards */,
				53F9064D1C95E07F0095E1B9 /* ViewControllers */,
				53F906501C95E6540095E1B9 /* ViewModels */,
			);
			path = RxMarvel;
			sourceTree = "<group>";
		};
		53F906321C95E0390095E1B9 /* RxMarvelTests */ = {
			isa = PBXGroup;
			children = (
				53F906351C95E0390095E1B9 /* Info.plist */,
				53F906331C95E0390095E1B9 /* RxMarvelTests.swift */,
			);
			path = RxMarvelTests;
			sourceTree = "<group>";
		};
		53F9063D1C95E0390095E1B9 /* RxMarvelUITests */ = {
			isa = PBXGroup;
			children = (
				53F906401C95E0390095E1B9 /* Info.plist */,
				53F9063E1C95E0390095E1B9 /* RxMarvelUITests.swift */,
			);
			path = RxMarvelUITests;
			sourceTree = "<group>";
		};
		53F9064C1C95E07A0095E1B9 /* Common */ = {
			isa = PBXGroup;
			children = (
				53F9061E1C95E0390095E1B9 /* AppDelegate.swift */,
			);
			path = Common;
			sourceTree = "<group>";
		};
		53F9064D1C95E07F0095E1B9 /* ViewControllers */ = {
			isa = PBXGroup;
			children = (
				53F906201C95E0390095E1B9 /* HeroTableViewController.swift */,
			);
			path = ViewControllers;
			sourceTree = "<group>";
		};
		53F9064E1C95E0850095E1B9 /* Storyboards */ = {
			isa = PBXGroup;
			children = (
				53F906271C95E0390095E1B9 /* LaunchScreen.storyboard */,
				53F906221C95E0390095E1B9 /* Main.storyboard */,
			);
			path = Storyboards;
			sourceTree = "<group>";
		};
		53F9064F1C95E64E0095E1B9 /* Models */ = {
			isa = PBXGroup;
			children = (
				53F9066D1C961CC10095E1B9 /* Batch.swift */,
				53F906551C95EDD30095E1B9 /* Hero.swift */,
				53F9066F1C96218E0095E1B9 /* HeroAPI.swift */,
				53F906531C95EBB70095E1B9 /* Thumbnail.swift */,
				53F906511C95E68B0095E1B9 /* ThumbnailType.swift */,
			);
			path = Models;
			sourceTree = "<group>";
		};
		53F906501C95E6540095E1B9 /* ViewModels */ = {
			isa = PBXGroup;
			children = (
				53F906571C95EE4F0095E1B9 /* HeroTableViewModel.swift */,
			);
			path = ViewModels;
			sourceTree = "<group>";
		};
		53F906591C95F40D0095E1B9 /* Network */ = {
			isa = PBXGroup;
			children = (
				53F9065C1C95F5A10095E1B9 /* EndPoint.swift */,
				53F9065A1C95F42A0095E1B9 /* JsonGET.swift */,
				53F9065E1C95F88B0095E1B9 /* Marvel.swift */,
				53F906651C9602780095E1B9 /* ParamKeys.swift */,
			);
			path = Network;
			sourceTree = "<group>";
		};
		53F906601C95FD520095E1B9 /* Extensions */ = {
			isa = PBXGroup;
			children = (
				53F906671C9607EB0095E1B9 /* Operators.swift */,
				53F906611C95FD760095E1B9 /* String.swift */,
				53F9066B1C9611710095E1B9 /* UITableView.swift */,
				53F906711C9624580095E1B9 /* JSON.swift */,
			);
			path = Extensions;
			sourceTree = "<group>";
		};
		53F906631C95FF030095E1B9 /* BridgingHeaders */ = {
			isa = PBXGroup;
			children = (
				53F906641C95FF800095E1B9 /* RxMarvel-Bridging-Header.h */,
			);
			path = BridgingHeaders;
			sourceTree = "<group>";
		};
/* End PBXGroup section */

/* Begin PBXNativeTarget section */
		53F9061A1C95E0390095E1B9 /* RxMarvel */ = {
			isa = PBXNativeTarget;
			buildConfigurationList = 53F906431C95E0390095E1B9 /* Build configuration list for PBXNativeTarget "RxMarvel" */;
			buildPhases = (
				6A0CC88B49A742821D739024 /* Check Pods Manifest.lock */,
				53F906171C95E0390095E1B9 /* Sources */,
				53F906181C95E0390095E1B9 /* Frameworks */,
				53F906191C95E0390095E1B9 /* Resources */,
				210E2D9464BA68BE6B5566F2 /* Embed Pods Frameworks */,
				ADACDCB598241C348BF321F0 /* Copy Pods Resources */,
				SWIFCLEANCUSTOMRUNSCRIPT /* Swift-Clean Run Script */,
			);
			buildRules = (
			);
			dependencies = (
			);
			name = RxMarvel;
			productName = RxMarvel;
			productReference = 53F9061B1C95E0390095E1B9 /* RxMarvel.app */;
			productType = "com.apple.product-type.application";
		};
		53F9062E1C95E0390095E1B9 /* RxMarvelTests */ = {
			isa = PBXNativeTarget;
			buildConfigurationList = 53F906461C95E0390095E1B9 /* Build configuration list for PBXNativeTarget "RxMarvelTests" */;
			buildPhases = (
				53F9062B1C95E0390095E1B9 /* Sources */,
				53F9062C1C95E0390095E1B9 /* Frameworks */,
				53F9062D1C95E0390095E1B9 /* Resources */,
			);
			buildRules = (
			);
			dependencies = (
				53F906311C95E0390095E1B9 /* PBXTargetDependency */,
			);
			name = RxMarvelTests;
			productName = RxMarvelTests;
			productReference = 53F9062F1C95E0390095E1B9 /* RxMarvelTests.xctest */;
			productType = "com.apple.product-type.bundle.unit-test";
		};
		53F906391C95E0390095E1B9 /* RxMarvelUITests */ = {
			isa = PBXNativeTarget;
			buildConfigurationList = 53F906491C95E0390095E1B9 /* Build configuration list for PBXNativeTarget "RxMarvelUITests" */;
			buildPhases = (
				53F906361C95E0390095E1B9 /* Sources */,
				53F906371C95E0390095E1B9 /* Frameworks */,
				53F906381C95E0390095E1B9 /* Resources */,
			);
			buildRules = (
			);
			dependencies = (
				53F9063C1C95E0390095E1B9 /* PBXTargetDependency */,
			);
			name = RxMarvelUITests;
			productName = RxMarvelUITests;
			productReference = 53F9063A1C95E0390095E1B9 /* RxMarvelUITests.xctest */;
			productType = "com.apple.product-type.bundle.ui-testing";
		};
/* End PBXNativeTarget section */

/* Begin PBXProject section */
		53F906131C95E0390095E1B9 /* Project object */ = {
			isa = PBXProject;
			attributes = {
				LastSwiftUpdateCheck = 0720;
				LastUpgradeCheck = 0720;
				ORGANIZATIONNAME = "Swift Yah";
				TargetAttributes = {
					53F9061A1C95E0390095E1B9 = {
						CreatedOnToolsVersion = 7.2.1;
					};
					53F9062E1C95E0390095E1B9 = {
						CreatedOnToolsVersion = 7.2.1;
						TestTargetID = 53F9061A1C95E0390095E1B9;
					};
					53F906391C95E0390095E1B9 = {
						CreatedOnToolsVersion = 7.2.1;
						TestTargetID = 53F9061A1C95E0390095E1B9;
					};
				};
			};
			buildConfigurationList = 53F906161C95E0390095E1B9 /* Build configuration list for PBXProject "RxMarvel" */;
			compatibilityVersion = "Xcode 3.2";
			developmentRegion = English;
			hasScannedForEncodings = 0;
			knownRegions = (
				en,
				Base,
			);
			mainGroup = 53F906121C95E0390095E1B9;
			productRefGroup = 53F9061C1C95E0390095E1B9 /* Products */;
			projectDirPath = "";
			projectRoot = "";
			targets = (
				53F9061A1C95E0390095E1B9 /* RxMarvel */,
				53F9062E1C95E0390095E1B9 /* RxMarvelTests */,
				53F906391C95E0390095E1B9 /* RxMarvelUITests */,
			);
		};
/* End PBXProject section */

/* Begin PBXResourcesBuildPhase section */
		53F906191C95E0390095E1B9 /* Resources */ = {
			isa = PBXResourcesBuildPhase;
			buildActionMask = 2147483647;
			files = (
				53F906291C95E0390095E1B9 /* LaunchScreen.storyboard in Resources */,
				53F906261C95E0390095E1B9 /* Assets.xcassets in Resources */,
				53F906241C95E0390095E1B9 /* Main.storyboard in Resources */,
			);
			runOnlyForDeploymentPostprocessing = 0;
		};
		53F9062D1C95E0390095E1B9 /* Resources */ = {
			isa = PBXResourcesBuildPhase;
			buildActionMask = 2147483647;
			files = (
			);
			runOnlyForDeploymentPostprocessing = 0;
		};
		53F906381C95E0390095E1B9 /* Resources */ = {
			isa = PBXResourcesBuildPhase;
			buildActionMask = 2147483647;
			files = (
			);
			runOnlyForDeploymentPostprocessing = 0;
		};
/* End PBXResourcesBuildPhase section */

/* Begin PBXShellScriptBuildPhase section */
		210E2D9464BA68BE6B5566F2 /* Embed Pods Frameworks */ = {
			isa = PBXShellScriptBuildPhase;
			buildActionMask = 2147483647;
			files = (
			);
			inputPaths = (
			);
			name = "Embed Pods Frameworks";
			outputPaths = (
			);
			runOnlyForDeploymentPostprocessing = 0;
			shellPath = /bin/sh;
			shellScript = "\"${SRCROOT}/Pods/Target Support Files/Pods-RxMarvel/Pods-RxMarvel-frameworks.sh\"\n";
			showEnvVarsInLog = 0;
		};
		6A0CC88B49A742821D739024 /* Check Pods Manifest.lock */ = {
			isa = PBXShellScriptBuildPhase;
			buildActionMask = 2147483647;
			files = (
			);
			inputPaths = (
			);
			name = "Check Pods Manifest.lock";
			outputPaths = (
			);
			runOnlyForDeploymentPostprocessing = 0;
			shellPath = /bin/sh;
			shellScript = "diff \"${PODS_ROOT}/../Podfile.lock\" \"${PODS_ROOT}/Manifest.lock\" > /dev/null\nif [[ $? != 0 ]] ; then\n    cat << EOM\nerror: The sandbox is not in sync with the Podfile.lock. Run 'pod install' or update your CocoaPods installation.\nEOM\n    exit 1\nfi\n";
			showEnvVarsInLog = 0;
		};
		ADACDCB598241C348BF321F0 /* Copy Pods Resources */ = {
			isa = PBXShellScriptBuildPhase;
			buildActionMask = 2147483647;
			files = (
			);
			inputPaths = (
			);
			name = "Copy Pods Resources";
			outputPaths = (
			);
			runOnlyForDeploymentPostprocessing = 0;
			shellPath = /bin/sh;
			shellScript = "\"${SRCROOT}/Pods/Target Support Files/Pods-RxMarvel/Pods-RxMarvel-resources.sh\"\n";
			showEnvVarsInLog = 0;
		};
		SWIFCLEANCUSTOMRUNSCRIPT /* Swift-Clean Run Script */ = {
			isa = PBXShellScriptBuildPhase;
			buildActionMask = 2147483647;
			files = (
			);
			inputPaths = (
			);
			name = "Swift-Clean Run Script";
			outputPaths = (
			);
			runOnlyForDeploymentPostprocessing = 0;
			shellPath = /bin/bash;
			shellScript = "if [[ -z ${SKIP_SWIFTCLEAN} || ${SKIP_SWIFTCLEAN} != 1 ]]; then\nif [[ -d \"${LOCAL_APPS_DIR}/Swiftly-Clean.app\" ]]; then \n\"${LOCAL_APPS_DIR}\"/Swiftly-Clean.app/Contents/Resources/SwiftClean.app/Contents/MacOS/SwiftClean \"${SRCROOT}\"?@autoFix \nelse\necho \"warning: You have to install and set up Swift-Clean to use its features!\" \nfi\nfi";
		};
/* End PBXShellScriptBuildPhase section */

/* Begin PBXSourcesBuildPhase section */
		53F906171C95E0390095E1B9 /* Sources */ = {
			isa = PBXSourcesBuildPhase;
			buildActionMask = 2147483647;
			files = (
				53F906561C95EDD30095E1B9 /* Hero.swift in Sources */,
				53F906211C95E0390095E1B9 /* HeroTableViewController.swift in Sources */,
				53F9066E1C961CC10095E1B9 /* Batch.swift in Sources */,
				53F906701C96218E0095E1B9 /* HeroAPI.swift in Sources */,
				53F906621C95FD760095E1B9 /* String.swift in Sources */,
				53F9065D1C95F5A10095E1B9 /* EndPoint.swift in Sources */,
				53F9065F1C95F88B0095E1B9 /* Marvel.swift in Sources */,
				53F906681C9607EB0095E1B9 /* Operators.swift in Sources */,
				53F9065B1C95F42A0095E1B9 /* JsonGET.swift in Sources */,
				53F906521C95E68B0095E1B9 /* ThumbnailType.swift in Sources */,
				53F906581C95EE4F0095E1B9 /* HeroTableViewModel.swift in Sources */,
				53F906541C95EBB70095E1B9 /* Thumbnail.swift in Sources */,
				53F9066C1C9611710095E1B9 /* UITableView.swift in Sources */,
				53F906661C9602780095E1B9 /* ParamKeys.swift in Sources */,
				53F9061F1C95E0390095E1B9 /* AppDelegate.swift in Sources */,
				53F906721C9624580095E1B9 /* JSON.swift in Sources */,
			);
			runOnlyForDeploymentPostprocessing = 0;
		};
		53F9062B1C95E0390095E1B9 /* Sources */ = {
			isa = PBXSourcesBuildPhase;
			buildActionMask = 2147483647;
			files = (
				53F906341C95E0390095E1B9 /* RxMarvelTests.swift in Sources */,
			);
			runOnlyForDeploymentPostprocessing = 0;
		};
		53F906361C95E0390095E1B9 /* Sources */ = {
			isa = PBXSourcesBuildPhase;
			buildActionMask = 2147483647;
			files = (
				53F9063F1C95E0390095E1B9 /* RxMarvelUITests.swift in Sources */,
			);
			runOnlyForDeploymentPostprocessing = 0;
		};
/* End PBXSourcesBuildPhase section */

/* Begin PBXTargetDependency section */
		53F906311C95E0390095E1B9 /* PBXTargetDependency */ = {
			isa = PBXTargetDependency;
			target = 53F9061A1C95E0390095E1B9 /* RxMarvel */;
			targetProxy = 53F906301C95E0390095E1B9 /* PBXContainerItemProxy */;
		};
		53F9063C1C95E0390095E1B9 /* PBXTargetDependency */ = {
			isa = PBXTargetDependency;
			target = 53F9061A1C95E0390095E1B9 /* RxMarvel */;
			targetProxy = 53F9063B1C95E0390095E1B9 /* PBXContainerItemProxy */;
		};
/* End PBXTargetDependency section */

/* Begin PBXVariantGroup section */
		53F906221C95E0390095E1B9 /* Main.storyboard */ = {
			isa = PBXVariantGroup;
			children = (
				53F906231C95E0390095E1B9 /* Base */,
			);
			name = Main.storyboard;
			path = .;
			sourceTree = "<group>";
		};
		53F906271C95E0390095E1B9 /* LaunchScreen.storyboard */ = {
			isa = PBXVariantGroup;
			children = (
				53F906281C95E0390095E1B9 /* Base */,
			);
			name = LaunchScreen.storyboard;
			path = .;
			sourceTree = "<group>";
		};
/* End PBXVariantGroup section */

/* Begin XCBuildConfiguration section */
		53F906411C95E0390095E1B9 /* Debug */ = {
			isa = XCBuildConfiguration;
			buildSettings = {
				ALWAYS_SEARCH_USER_PATHS = NO;
				CLANG_CXX_LANGUAGE_STANDARD = "gnu++0x";
				CLANG_CXX_LIBRARY = "libc++";
				CLANG_ENABLE_MODULES = YES;
				CLANG_ENABLE_OBJC_ARC = YES;
				CLANG_WARN_BOOL_CONVERSION = YES;
				CLANG_WARN_CONSTANT_CONVERSION = YES;
				CLANG_WARN_DIRECT_OBJC_ISA_USAGE = YES_ERROR;
				CLANG_WARN_EMPTY_BODY = YES;
				CLANG_WARN_ENUM_CONVERSION = YES;
				CLANG_WARN_INT_CONVERSION = YES;
				CLANG_WARN_OBJC_ROOT_CLASS = YES_ERROR;
				CLANG_WARN_UNREACHABLE_CODE = YES;
				CLANG_WARN__DUPLICATE_METHOD_MATCH = YES;
				"CODE_SIGN_IDENTITY[sdk=iphoneos*]" = "iPhone Developer";
				COPY_PHASE_STRIP = NO;
				DEBUG_INFORMATION_FORMAT = dwarf;
				ENABLE_STRICT_OBJC_MSGSEND = YES;
				ENABLE_TESTABILITY = YES;
				GCC_C_LANGUAGE_STANDARD = gnu99;
				GCC_DYNAMIC_NO_PIC = NO;
				GCC_NO_COMMON_BLOCKS = YES;
				GCC_OPTIMIZATION_LEVEL = 0;
				GCC_PREPROCESSOR_DEFINITIONS = (
					"DEBUG=1",
					"$(inherited)",
				);
				GCC_WARN_64_TO_32_BIT_CONVERSION = YES;
				GCC_WARN_ABOUT_RETURN_TYPE = YES_ERROR;
				GCC_WARN_UNDECLARED_SELECTOR = YES;
				GCC_WARN_UNINITIALIZED_AUTOS = YES_AGGRESSIVE;
				GCC_WARN_UNUSED_FUNCTION = YES;
				GCC_WARN_UNUSED_VARIABLE = YES;
				IPHONEOS_DEPLOYMENT_TARGET = 9.2;
				MTL_ENABLE_DEBUG_INFO = YES;
				ONLY_ACTIVE_ARCH = YES;
				SDKROOT = iphoneos;
				SWIFT_OPTIMIZATION_LEVEL = "-Onone";
				TARGETED_DEVICE_FAMILY = "1,2";
			};
			name = Debug;
		};
		53F906421C95E0390095E1B9 /* Release */ = {
			isa = XCBuildConfiguration;
			buildSettings = {
				ALWAYS_SEARCH_USER_PATHS = NO;
				CLANG_CXX_LANGUAGE_STANDARD = "gnu++0x";
				CLANG_CXX_LIBRARY = "libc++";
				CLANG_ENABLE_MODULES = YES;
				CLANG_ENABLE_OBJC_ARC = YES;
				CLANG_WARN_BOOL_CONVERSION = YES;
				CLANG_WARN_CONSTANT_CONVERSION = YES;
				CLANG_WARN_DIRECT_OBJC_ISA_USAGE = YES_ERROR;
				CLANG_WARN_EMPTY_BODY = YES;
				CLANG_WARN_ENUM_CONVERSION = YES;
				CLANG_WARN_INT_CONVERSION = YES;
				CLANG_WARN_OBJC_ROOT_CLASS = YES_ERROR;
				CLANG_WARN_UNREACHABLE_CODE = YES;
				CLANG_WARN__DUPLICATE_METHOD_MATCH = YES;
				"CODE_SIGN_IDENTITY[sdk=iphoneos*]" = "iPhone Developer";
				COPY_PHASE_STRIP = NO;
				DEBUG_INFORMATION_FORMAT = "dwarf-with-dsym";
				ENABLE_NS_ASSERTIONS = NO;
				ENABLE_STRICT_OBJC_MSGSEND = YES;
				GCC_C_LANGUAGE_STANDARD = gnu99;
				GCC_NO_COMMON_BLOCKS = YES;
				GCC_WARN_64_TO_32_BIT_CONVERSION = YES;
				GCC_WARN_ABOUT_RETURN_TYPE = YES_ERROR;
				GCC_WARN_UNDECLARED_SELECTOR = YES;
				GCC_WARN_UNINITIALIZED_AUTOS = YES_AGGRESSIVE;
				GCC_WARN_UNUSED_FUNCTION = YES;
				GCC_WARN_UNUSED_VARIABLE = YES;
				IPHONEOS_DEPLOYMENT_TARGET = 9.2;
				MTL_ENABLE_DEBUG_INFO = NO;
				SDKROOT = iphoneos;
				TARGETED_DEVICE_FAMILY = "1,2";
				VALIDATE_PRODUCT = YES;
			};
			name = Release;
		};
		53F906441C95E0390095E1B9 /* Debug */ = {
			isa = XCBuildConfiguration;
			baseConfigurationReference = 2FC63958FAB1D6BFB95058A3 /* Pods-RxMarvel.debug.xcconfig */;
			buildSettings = {
				ASSETCATALOG_COMPILER_APPICON_NAME = AppIcon;
				INFOPLIST_FILE = RxMarvel/Info.plist;
				LD_RUNPATH_SEARCH_PATHS = "$(inherited) @executable_path/Frameworks";
				PRODUCT_BUNDLE_IDENTIFIER = "io.swift-yah.RxMarvel";
				PRODUCT_NAME = "$(TARGET_NAME)";
				SWIFT_OBJC_BRIDGING_HEADER = "RxMarvel/BridgingHeaders/RxMarvel-Bridging-Header.h";
			};
			name = Debug;
		};
		53F906451C95E0390095E1B9 /* Release */ = {
			isa = XCBuildConfiguration;
			baseConfigurationReference = DE90845F233911C9F6CB81F9 /* Pods-RxMarvel.release.xcconfig */;
			buildSettings = {
				ASSETCATALOG_COMPILER_APPICON_NAME = AppIcon;
				INFOPLIST_FILE = RxMarvel/Info.plist;
				LD_RUNPATH_SEARCH_PATHS = "$(inherited) @executable_path/Frameworks";
				PRODUCT_BUNDLE_IDENTIFIER = "io.swift-yah.RxMarvel";
				PRODUCT_NAME = "$(TARGET_NAME)";
				SWIFT_OBJC_BRIDGING_HEADER = "RxMarvel/BridgingHeaders/RxMarvel-Bridging-Header.h";
			};
			name = Release;
		};
		53F906471C95E0390095E1B9 /* Debug */ = {
			isa = XCBuildConfiguration;
			buildSettings = {
				BUNDLE_LOADER = "$(TEST_HOST)";
				INFOPLIST_FILE = RxMarvelTests/Info.plist;
				LD_RUNPATH_SEARCH_PATHS = "$(inherited) @executable_path/Frameworks @loader_path/Frameworks";
				PRODUCT_BUNDLE_IDENTIFIER = "io.swift-yah.RxMarvelTests";
				PRODUCT_NAME = "$(TARGET_NAME)";
				TEST_HOST = "$(BUILT_PRODUCTS_DIR)/RxMarvel.app/RxMarvel";
			};
			name = Debug;
		};
		53F906481C95E0390095E1B9 /* Release */ = {
			isa = XCBuildConfiguration;
			buildSettings = {
				BUNDLE_LOADER = "$(TEST_HOST)";
				INFOPLIST_FILE = RxMarvelTests/Info.plist;
				LD_RUNPATH_SEARCH_PATHS = "$(inherited) @executable_path/Frameworks @loader_path/Frameworks";
				PRODUCT_BUNDLE_IDENTIFIER = "io.swift-yah.RxMarvelTests";
				PRODUCT_NAME = "$(TARGET_NAME)";
				TEST_HOST = "$(BUILT_PRODUCTS_DIR)/RxMarvel.app/RxMarvel";
			};
			name = Release;
		};
		53F9064A1C95E0390095E1B9 /* Debug */ = {
			isa = XCBuildConfiguration;
			buildSettings = {
				INFOPLIST_FILE = RxMarvelUITests/Info.plist;
				LD_RUNPATH_SEARCH_PATHS = "$(inherited) @executable_path/Frameworks @loader_path/Frameworks";
				PRODUCT_BUNDLE_IDENTIFIER = "io.swift-yah.RxMarvelUITests";
				PRODUCT_NAME = "$(TARGET_NAME)";
				TEST_TARGET_NAME = RxMarvel;
				USES_XCTRUNNER = YES;
			};
			name = Debug;
		};
		53F9064B1C95E0390095E1B9 /* Release */ = {
			isa = XCBuildConfiguration;
			buildSettings = {
				INFOPLIST_FILE = RxMarvelUITests/Info.plist;
				LD_RUNPATH_SEARCH_PATHS = "$(inherited) @executable_path/Frameworks @loader_path/Frameworks";
				PRODUCT_BUNDLE_IDENTIFIER = "io.swift-yah.RxMarvelUITests";
				PRODUCT_NAME = "$(TARGET_NAME)";
				TEST_TARGET_NAME = RxMarvel;
				USES_XCTRUNNER = YES;
			};
			name = Release;
		};
/* End XCBuildConfiguration section */

/* Begin XCConfigurationList section */
		53F906161C95E0390095E1B9 /* Build configuration list for PBXProject "RxMarvel" */ = {
			isa = XCConfigurationList;
			buildConfigurations = (
				53F906411C95E0390095E1B9 /* Debug */,
				53F906421C95E0390095E1B9 /* Release */,
			);
			defaultConfigurationIsVisible = 0;
			defaultConfigurationName = Release;
		};
		53F906431C95E0390095E1B9 /* Build configuration list for PBXNativeTarget "RxMarvel" */ = {
			isa = XCConfigurationList;
			buildConfigurations = (
				53F906441C95E0390095E1B9 /* Debug */,
				53F906451C95E0390095E1B9 /* Release */,
			);
			defaultConfigurationIsVisible = 0;
			defaultConfigurationName = Release;
		};
		53F906461C95E0390095E1B9 /* Build configuration list for PBXNativeTarget "RxMarvelTests" */ = {
			isa = XCConfigurationList;
			buildConfigurations = (
				53F906471C95E0390095E1B9 /* Debug */,
				53F906481C95E0390095E1B9 /* Release */,
			);
			defaultConfigurationIsVisible = 0;
			defaultConfigurationName = Release;
		};
		53F906491C95E0390095E1B9 /* Build configuration list for PBXNativeTarget "RxMarvelUITests" */ = {
			isa = XCConfigurationList;
			buildConfigurations = (
				53F9064A1C95E0390095E1B9 /* Debug */,
				53F9064B1C95E0390095E1B9 /* Release */,
			);
			defaultConfigurationIsVisible = 0;
			defaultConfigurationName = Release;
		};
/* End XCConfigurationList section */
	};
	rootObject = 53F906131C95E0390095E1B9 /* Project object */;
}
